<Solution>
  <Folder Name="/src/" />
  <Folder Name="/src/Aspire/">
    <Project Path="src/Aspire/Richie.AppHost/Richie.AppHost.csproj" />
    <Project Path="src/Aspire/Richie.ServiceDefaults/Richie.ServiceDefaults.csproj" />
  </Folder>
  <Folder Name="/src/Services/">
    <Project Path="src/Services/Identity.API/Identity.API.csproj" />
    <Project Path="src/Services/Web.BFF/Web.BFF.csproj" />
  </Folder>
  <Folder Name="/src/Shared/">
    <Project Path="src/Shared/SharedKernel/SharedKernel.csproj" />
  </Folder>
</Solution>
